// !$*UTF8*$!
{
	archiveVersion = 1;
	classes = {
	};
	objectVersion = 50;
	objects = {

/* Begin PBXBuildFile section */
		CE81AADD2254C72900FA1F92 /* DataModel.xcdatamodeld in Sources */ = {isa = PBXBuildFile; fileRef = CE81AADB2254C72900FA1F92 /* DataModel.xcdatamodeld */; };
		CE81AB082256C68500FA1F92 /* CategoryTableViewController.swift in Sources */ = {isa = PBXBuildFile; fileRef = CE81AB072256C68500FA1F92 /* CategoryTableViewController.swift */; };
		CEB55D6E22530B5500D99CA5 /* AppDelegate.swift in Sources */ = {isa = PBXBuildFile; fileRef = CEB55D6D22530B5500D99CA5 /* AppDelegate.swift */; };
		CEB55D7022530B5500D99CA5 /* toDoEYviewController.swift in Sources */ = {isa = PBXBuildFile; fileRef = CEB55D6F22530B5500D99CA5 /* toDoEYviewController.swift */; };
		CEB55D7322530B5500D99CA5 /* Main.storyboard in Resources */ = {isa = PBXBuildFile; fileRef = CEB55D7122530B5500D99CA5 /* Main.storyboard */; };
		CEB55D7522530B5B00D99CA5 /* Assets.xcassets in Resources */ = {isa = PBXBuildFile; fileRef = CEB55D7422530B5B00D99CA5 /* Assets.xcassets */; };
		CEB55D7822530B5B00D99CA5 /* LaunchScreen.storyboard in Resources */ = {isa = PBXBuildFile; fileRef = CEB55D7622530B5B00D99CA5 /* LaunchScreen.storyboard */; };
		D9D36894BFD9922D855FD497 /* Pods_ToDoey.framework in Frameworks */ = {isa = PBXBuildFile; fileRef = 8FEA83D8D7FD787FD5E5D19A /* Pods_ToDoey.framework */; };
/* End PBXBuildFile section */

/* Begin PBXFileReference section */
		3B6BADC8CEF474DD9D5FDD03 /* Pods-ToDoey.release.xcconfig */ = {isa = PBXFileReference; includeInIndex = 1; lastKnownFileType = text.xcconfig; name = "Pods-ToDoey.release.xcconfig"; path = "Target Support Files/Pods-ToDoey/Pods-ToDoey.release.xcconfig"; sourceTree = "<group>"; };
		4C4A4DD9D116104FD7FD1146 /* Pods-ToDoey.debug.xcconfig */ = {isa = PBXFileReference; includeInIndex = 1; lastKnownFileType = text.xcconfig; name = "Pods-ToDoey.debug.xcconfig"; path = "Target Support Files/Pods-ToDoey/Pods-ToDoey.debug.xcconfig"; sourceTree = "<group>"; };
		8FEA83D8D7FD787FD5E5D19A /* Pods_ToDoey.framework */ = {isa = PBXFileReference; explicitFileType = wrapper.framework; includeInIndex = 0; path = Pods_ToDoey.framework; sourceTree = BUILT_PRODUCTS_DIR; };
		CE81AADC2254C72900FA1F92 /* DataModel.xcdatamodel */ = {isa = PBXFileReference; lastKnownFileType = wrapper.xcdatamodel; path = DataModel.xcdatamodel; sourceTree = "<group>"; };
		CE81AB072256C68500FA1F92 /* CategoryTableViewController.swift */ = {isa = PBXFileReference; lastKnownFileType = sourcecode.swift; path = CategoryTableViewController.swift; sourceTree = "<group>"; };
		CEB55D6A22530B5400D99CA5 /* ToDoey.app */ = {isa = PBXFileReference; explicitFileType = wrapper.application; includeInIndex = 0; path = ToDoey.app; sourceTree = BUILT_PRODUCTS_DIR; };
		CEB55D6D22530B5500D99CA5 /* AppDelegate.swift */ = {isa = PBXFileReference; lastKnownFileType = sourcecode.swift; path = AppDelegate.swift; sourceTree = "<group>"; };
		CEB55D6F22530B5500D99CA5 /* toDoEYviewController.swift */ = {isa = PBXFileReference; lastKnownFileType = sourcecode.swift; path = toDoEYviewController.swift; sourceTree = "<group>"; };
		CEB55D7222530B5500D99CA5 /* Base */ = {isa = PBXFileReference; lastKnownFileType = file.storyboard; name = Base; path = Base.lproj/Main.storyboard; sourceTree = "<group>"; };
		CEB55D7422530B5B00D99CA5 /* Assets.xcassets */ = {isa = PBXFileReference; lastKnownFileType = folder.assetcatalog; path = Assets.xcassets; sourceTree = "<group>"; };
		CEB55D7722530B5B00D99CA5 /* Base */ = {isa = PBXFileReference; lastKnownFileType = file.storyboard; name = Base; path = Base.lproj/LaunchScreen.storyboard; sourceTree = "<group>"; };
		CEB55D7922530B5B00D99CA5 /* Info.plist */ = {isa = PBXFileReference; lastKnownFileType = text.plist.xml; path = Info.plist; sourceTree = "<group>"; };
/* End PBXFileReference section */

/* Begin PBXFrameworksBuildPhase section */
		CEB55D6722530B5400D99CA5 /* Frameworks */ = {
			isa = PBXFrameworksBuildPhase;
			buildActionMask = 2147483647;
			files = (
				D9D36894BFD9922D855FD497 /* Pods_ToDoey.framework in Frameworks */,
			);
			runOnlyForDeploymentPostprocessing = 0;
		};
/* End PBXFrameworksBuildPhase section */

/* Begin PBXGroup section */
		3655D96FA9641FD834344E93 /* Pods */ = {
			isa = PBXGroup;
			children = (
				4C4A4DD9D116104FD7FD1146 /* Pods-ToDoey.debug.xcconfig */,
				3B6BADC8CEF474DD9D5FDD03 /* Pods-ToDoey.release.xcconfig */,
			);
			name = Pods;
			path = Pods;
			sourceTree = "<group>";
		};
		827AAC5A45BEE2E63FBF6A54 /* Frameworks */ = {
			isa = PBXGroup;
			children = (
				8FEA83D8D7FD787FD5E5D19A /* Pods_ToDoey.framework */,
			);
			name = Frameworks;
			sourceTree = "<group>";
		};
		CEB55D6122530B5400D99CA5 = {
			isa = PBXGroup;
			children = (
				CEB55D6C22530B5400D99CA5 /* ToDoey */,
				CEB55D6B22530B5400D99CA5 /* Products */,
				3655D96FA9641FD834344E93 /* Pods */,
				827AAC5A45BEE2E63FBF6A54 /* Frameworks */,
			);
			sourceTree = "<group>";
		};
		CEB55D6B22530B5400D99CA5 /* Products */ = {
			isa = PBXGroup;
			children = (
				CEB55D6A22530B5400D99CA5 /* ToDoey.app */,
			);
			name = Products;
			sourceTree = "<group>";
		};
		CEB55D6C22530B5400D99CA5 /* ToDoey */ = {
			isa = PBXGroup;
			children = (
				CEB55D6D22530B5500D99CA5 /* AppDelegate.swift */,
				CEB55D8222542AE100D99CA5 /* controllers */,
				CEB55D81225425A500D99CA5 /* DATA MODEL */,
				CEB55D8322542B1300D99CA5 /* Views */,
				CEB55D8422542B2900D99CA5 /* Supporting Files */,
				CEB55D7922530B5B00D99CA5 /* Info.plist */,
			);
			path = ToDoey;
			sourceTree = "<group>";
		};
		CEB55D81225425A500D99CA5 /* DATA MODEL */ = {
			isa = PBXGroup;
			children = (
				CE81AADB2254C72900FA1F92 /* DataModel.xcdatamodeld */,
			);
			path = "DATA MODEL";
			sourceTree = "<group>";
		};
		CEB55D8222542AE100D99CA5 /* controllers */ = {
			isa = PBXGroup;
			children = (
				CE81AB072256C68500FA1F92 /* CategoryTableViewController.swift */,
				CEB55D6F22530B5500D99CA5 /* toDoEYviewController.swift */,
			);
			path = controllers;
			sourceTree = "<group>";
		};
		CEB55D8322542B1300D99CA5 /* Views */ = {
			isa = PBXGroup;
			children = (
				CEB55D7122530B5500D99CA5 /* Main.storyboard */,
			);
			path = Views;
			sourceTree = "<group>";
		};
		CEB55D8422542B2900D99CA5 /* Supporting Files */ = {
			isa = PBXGroup;
			children = (
				CEB55D7422530B5B00D99CA5 /* Assets.xcassets */,
				CEB55D7622530B5B00D99CA5 /* LaunchScreen.storyboard */,
			);
			path = "Supporting Files";
			sourceTree = "<group>";
		};
/* End PBXGroup section */

/* Begin PBXNativeTarget section */
		CEB55D6922530B5400D99CA5 /* ToDoey */ = {
			isa = PBXNativeTarget;
			buildConfigurationList = CEB55D7C22530B5B00D99CA5 /* Build configuration list for PBXNativeTarget "ToDoey" */;
			buildPhases = (
				868769B91041C53A895259D6 /* [CP] Check Pods Manifest.lock */,
				CEB55D6622530B5400D99CA5 /* Sources */,
				CEB55D6722530B5400D99CA5 /* Frameworks */,
				CEB55D6822530B5400D99CA5 /* Resources */,
				C1B6912BE7D5F49B8EC8ACA6 /* [CP] Embed Pods Frameworks */,
			);
			buildRules = (
			);
			dependencies = (
			);
			name = ToDoey;
			productName = ToDoey;
			productReference = CEB55D6A22530B5400D99CA5 /* ToDoey.app */;
			productType = "com.apple.product-type.application";
		};
/* End PBXNativeTarget section */

/* Begin PBXProject section */
		CEB55D6222530B5400D99CA5 /* Project object */ = {
			isa = PBXProject;
			attributes = {
				LastSwiftUpdateCheck = 1010;
				LastUpgradeCheck = 1010;
				ORGANIZATIONNAME = "Frank Ding";
				TargetAttributes = {
					CEB55D6922530B5400D99CA5 = {
						CreatedOnToolsVersion = 10.1;
					};
				};
			};
			buildConfigurationList = CEB55D6522530B5400D99CA5 /* Build configuration list for PBXProject "ToDoey" */;
			compatibilityVersion = "Xcode 9.3";
			developmentRegion = en;
			hasScannedForEncodings = 0;
			knownRegions = (
				en,
				Base,
			);
			mainGroup = CEB55D6122530B5400D99CA5;
			productRefGroup = CEB55D6B22530B5400D99CA5 /* Products */;
			projectDirPath = "";
			projectRoot = "";
			targets = (
				CEB55D6922530B5400D99CA5 /* ToDoey */,
			);
		};
/* End PBXProject section */

/* Begin PBXResourcesBuildPhase section */
		CEB55D6822530B5400D99CA5 /* Resources */ = {
			isa = PBXResourcesBuildPhase;
			buildActionMask = 2147483647;
			files = (
				CEB55D7822530B5B00D99CA5 /* LaunchScreen.storyboard in Resources */,
				CEB55D7522530B5B00D99CA5 /* Assets.xcassets in Resources */,
				CEB55D7322530B5500D99CA5 /* Main.storyboard in Resources */,
			);
			runOnlyForDeploymentPostprocessing = 0;
		};
/* End PBXResourcesBuildPhase section */

/* Begin PBXShellScriptBuildPhase section */
		868769B91041C53A895259D6 /* [CP] Check Pods Manifest.lock */ = {
			isa = PBXShellScriptBuildPhase;
			buildActionMask = 2147483647;
			files = (
			);
			inputFileListPaths = (
			);
			inputPaths = (
				"${PODS_PODFILE_DIR_PATH}/Podfile.lock",
				"${PODS_ROOT}/Manifest.lock",
			);
			name = "[CP] Check Pods Manifest.lock";
			outputFileListPaths = (
			);
			outputPaths = (
				"$(DERIVED_FILE_DIR)/Pods-ToDoey-checkManifestLockResult.txt",
			);
			runOnlyForDeploymentPostprocessing = 0;
			shellPath = /bin/sh;
			shellScript = "diff \"${PODS_PODFILE_DIR_PATH}/Podfile.lock\" \"${PODS_ROOT}/Manifest.lock\" > /dev/null\nif [ $? != 0 ] ; then\n    # print error to STDERR\n    echo \"error: The sandbox is not in sync with the Podfile.lock. Run 'pod install' or update your CocoaPods installation.\" >&2\n    exit 1\nfi\n# This output is used by Xcode 'outputs' to avoid re-running this script phase.\necho \"SUCCESS\" > \"${SCRIPT_OUTPUT_FILE_0}\"\n";
			showEnvVarsInLog = 0;
		};
		C1B6912BE7D5F49B8EC8ACA6 /* [CP] Embed Pods Frameworks */ = {
			isa = PBXShellScriptBuildPhase;
			buildActionMask = 2147483647;
			files = (
			);
			inputFileListPaths = (
			);
			inputPaths = (
				"${PODS_ROOT}/Target Support Files/Pods-ToDoey/Pods-ToDoey-frameworks.sh",
				"${BUILT_PRODUCTS_DIR}/Realm/Realm.framework",
				"${BUILT_PRODUCTS_DIR}/RealmSwift/RealmSwift.framework",
			);
			name = "[CP] Embed Pods Frameworks";
			outputFileListPaths = (
			);
			outputPaths = (
				"${TARGET_BUILD_DIR}/${FRAMEWORKS_FOLDER_PATH}/Realm.framework",
				"${TARGET_BUILD_DIR}/${FRAMEWORKS_FOLDER_PATH}/RealmSwift.framework",
			);
			runOnlyForDeploymentPostprocessing = 0;
			shellPath = /bin/sh;
			shellScript = "\"${PODS_ROOT}/Target Support Files/Pods-ToDoey/Pods-ToDoey-frameworks.sh\"\n";
			showEnvVarsInLog = 0;
		};
/* End PBXShellScriptBuildPhase section */

/* Begin PBXSourcesBuildPhase section */
		CEB55D6622530B5400D99CA5 /* Sources */ = {
			isa = PBXSourcesBuildPhase;
			buildActionMask = 2147483647;
			files = (
				CEB55D7022530B5500D99CA5 /* toDoEYviewController.swift in Sources */,
				CE81AB082256C68500FA1F92 /* CategoryTableViewController.swift in Sources */,
				CE81AADD2254C72900FA1F92 /* DataModel.xcdatamodeld in Sources */,
				CEB55D6E22530B5500D99CA5 /* AppDelegate.swift in Sources */,
			);
			runOnlyForDeploymentPostprocessing = 0;
		};
/* End PBXSourcesBuildPhase section */

/* Begin PBXVariantGroup section */
		CEB55D7122530B5500D99CA5 /* Main.storyboard */ = {
			isa = PBXVariantGroup;
			children = (
				CEB55D7222530B5500D99CA5 /* Base */,
			);
			name = Main.storyboard;
			sourceTree = "<group>";
		};
		CEB55D7622530B5B00D99CA5 /* LaunchScreen.storyboard */ = {
			isa = PBXVariantGroup;
			children = (
				CEB55D7722530B5B00D99CA5 /* Base */,
			);
			name = LaunchScreen.storyboard;
			sourceTree = "<group>";
		};
/* End PBXVariantGroup section */

/* Begin XCBuildConfiguration section */
		CEB55D7A22530B5B00D99CA5 /* Debug */ = {
			isa = XCBuildConfiguration;
			buildSettings = {
				ALWAYS_SEARCH_USER_PATHS = NO;
				CLANG_ANALYZER_NONNULL = YES;
				CLANG_ANALYZER_NUMBER_OBJECT_CONVERSION = YES_AGGRESSIVE;
				CLANG_CXX_LANGUAGE_STANDARD = "gnu++14";
				CLANG_CXX_LIBRARY = "libc++";
				CLANG_ENABLE_MODULES = YES;
				CLANG_ENABLE_OBJC_ARC = YES;
				CLANG_ENABLE_OBJC_WEAK = YES;
				CLANG_WARN_BLOCK_CAPTURE_AUTORELEASING = YES;
				CLANG_WARN_BOOL_CONVERSION = YES;
				CLANG_WARN_COMMA = YES;
				CLANG_WARN_CONSTANT_CONVERSION = YES;
				CLANG_WARN_DEPRECATED_OBJC_IMPLEMENTATIONS = YES;
				CLANG_WARN_DIRECT_OBJC_ISA_USAGE = YES_ERROR;
				CLANG_WARN_DOCUMENTATION_COMMENTS = YES;
				CLANG_WARN_EMPTY_BODY = YES;
				CLANG_WARN_ENUM_CONVERSION = YES;
				CLANG_WARN_INFINITE_RECURSION = YES;
				CLANG_WARN_INT_CONVERSION = YES;
				CLANG_WARN_NON_LITERAL_NULL_CONVERSION = YES;
				CLANG_WARN_OBJC_IMPLICIT_RETAIN_SELF = YES;
				CLANG_WARN_OBJC_LITERAL_CONVERSION = YES;
				CLANG_WARN_OBJC_ROOT_CLASS = YES_ERROR;
				CLANG_WARN_RANGE_LOOP_ANALYSIS = YES;
				CLANG_WARN_STRICT_PROTOTYPES = YES;
				CLANG_WARN_SUSPICIOUS_MOVE = YES;
				CLANG_WARN_UNGUARDED_AVAILABILITY = YES_AGGRESSIVE;
				CLANG_WARN_UNREACHABLE_CODE = YES;
				CLANG_WARN__DUPLICATE_METHOD_MATCH = YES;
				CODE_SIGN_IDENTITY = "iPhone Developer";
				COPY_PHASE_STRIP = NO;
				DEBUG_INFORMATION_FORMAT = dwarf;
				ENABLE_STRICT_OBJC_MSGSEND = YES;
				ENABLE_TESTABILITY = YES;
				GCC_C_LANGUAGE_STANDARD = gnu11;
				GCC_DYNAMIC_NO_PIC = NO;
				GCC_NO_COMMON_BLOCKS = YES;
				GCC_OPTIMIZATION_LEVEL = 0;
				GCC_PREPROCESSOR_DEFINITIONS = (
					"DEBUG=1",
					"$(inherited)",
				);
				GCC_WARN_64_TO_32_BIT_CONVERSION = YES;
				GCC_WARN_ABOUT_RETURN_TYPE = YES_ERROR;
				GCC_WARN_UNDECLARED_SELECTOR = YES;
				GCC_WARN_UNINITIALIZED_AUTOS = YES_AGGRESSIVE;
				GCC_WARN_UNUSED_FUNCTION = YES;
				GCC_WARN_UNUSED_VARIABLE = YES;
				IPHONEOS_DEPLOYMENT_TARGET = 12.1;
				MTL_ENABLE_DEBUG_INFO = INCLUDE_SOURCE;
				MTL_FAST_MATH = YES;
				ONLY_ACTIVE_ARCH = YES;
				SDKROOT = iphoneos;
				SWIFT_ACTIVE_COMPILATION_CONDITIONS = DEBUG;
				SWIFT_OPTIMIZATION_LEVEL = "-Onone";
			};
			name = Debug;
		};
		CEB55D7B22530B5B00D99CA5 /* Release */ = {
			isa = XCBuildConfiguration;
			buildSettings = {
				ALWAYS_SEARCH_USER_PATHS = NO;
				CLANG_ANALYZER_NONNULL = YES;
				CLANG_ANALYZER_NUMBER_OBJECT_CONVERSION = YES_AGGRESSIVE;
				CLANG_CXX_LANGUAGE_STANDARD = "gnu++14";
				CLANG_CXX_LIBRARY = "libc++";
				CLANG_ENABLE_MODULES = YES;
				CLANG_ENABLE_OBJC_ARC = YES;
				CLANG_ENABLE_OBJC_WEAK = YES;
				CLANG_WARN_BLOCK_CAPTURE_AUTORELEASING = YES;
				CLANG_WARN_BOOL_CONVERSION = YES;
				CLANG_WARN_COMMA = YES;
				CLANG_WARN_CONSTANT_CONVERSION = YES;
				CLANG_WARN_DEPRECATED_OBJC_IMPLEMENTATIONS = YES;
				CLANG_WARN_DIRECT_OBJC_ISA_USAGE = YES_ERROR;
				CLANG_WARN_DOCUMENTATION_COMMENTS = YES;
				CLANG_WARN_EMPTY_BODY = YES;
				CLANG_WARN_ENUM_CONVERSION = YES;
				CLANG_WARN_INFINITE_RECURSION = YES;
				CLANG_WARN_INT_CONVERSION = YES;
				CLANG_WARN_NON_LITERAL_NULL_CONVERSION = YES;
				CLANG_WARN_OBJC_IMPLICIT_RETAIN_SELF = YES;
				CLANG_WARN_OBJC_LITERAL_CONVERSION = YES;
				CLANG_WARN_OBJC_ROOT_CLASS = YES_ERROR;
				CLANG_WARN_RANGE_LOOP_ANALYSIS = YES;
				CLANG_WARN_STRICT_PROTOTYPES = YES;
				CLANG_WARN_SUSPICIOUS_MOVE = YES;
				CLANG_WARN_UNGUARDED_AVAILABILITY = YES_AGGRESSIVE;
				CLANG_WARN_UNREACHABLE_CODE = YES;
				CLANG_WARN__DUPLICATE_METHOD_MATCH = YES;
				CODE_SIGN_IDENTITY = "iPhone Developer";
				COPY_PHASE_STRIP = NO;
				DEBUG_INFORMATION_FORMAT = "dwarf-with-dsym";
				ENABLE_NS_ASSERTIONS = NO;
				ENABLE_STRICT_OBJC_MSGSEND = YES;
				GCC_C_LANGUAGE_STANDARD = gnu11;
				GCC_NO_COMMON_BLOCKS = YES;
				GCC_WARN_64_TO_32_BIT_CONVERSION = YES;
				GCC_WARN_ABOUT_RETURN_TYPE = YES_ERROR;
				GCC_WARN_UNDECLARED_SELECTOR = YES;
				GCC_WARN_UNINITIALIZED_AUTOS = YES_AGGRESSIVE;
				GCC_WARN_UNUSED_FUNCTION = YES;
				GCC_WARN_UNUSED_VARIABLE = YES;
				IPHONEOS_DEPLOYMENT_TARGET = 12.1;
				MTL_ENABLE_DEBUG_INFO = NO;
				MTL_FAST_MATH = YES;
				SDKROOT = iphoneos;
				SWIFT_COMPILATION_MODE = wholemodule;
				SWIFT_OPTIMIZATION_LEVEL = "-O";
				VALIDATE_PRODUCT = YES;
			};
			name = Release;
		};
		CEB55D7D22530B5B00D99CA5 /* Debug */ = {
			isa = XCBuildConfiguration;
			baseConfigurationReference = 4C4A4DD9D116104FD7FD1146 /* Pods-ToDoey.debug.xcconfig */;
			buildSettings = {
				ASSETCATALOG_COMPILER_APPICON_NAME = AppIcon;
				CODE_SIGN_STYLE = Automatic;
				INFOPLIST_FILE = ToDoey/Info.plist;
				LD_RUNPATH_SEARCH_PATHS = (
					"$(inherited)",
					"@executable_path/Frameworks",
				);
				PRODUCT_BUNDLE_IDENTIFIER = com.FrankDing.ToDoey;
				PRODUCT_NAME = "$(TARGET_NAME)";
				SWIFT_VERSION = 4.2;
				TARGETED_DEVICE_FAMILY = "1,2";
			};
			name = Debug;
		};
		CEB55D7E22530B5B00D99CA5 /* Release */ = {
			isa = XCBuildConfiguration;
			baseConfigurationReference = 3B6BADC8CEF474DD9D5FDD03 /* Pods-ToDoey.release.xcconfig */;
			buildSettings = {
				ASSETCATALOG_COMPILER_APPICON_NAME = AppIcon;
				CODE_SIGN_STYLE = Automatic;
				INFOPLIST_FILE = ToDoey/Info.plist;
				LD_RUNPATH_SEARCH_PATHS = (
					"$(inherited)",
					"@executable_path/Frameworks",
				);
				PRODUCT_BUNDLE_IDENTIFIER = com.FrankDing.ToDoey;
				PRODUCT_NAME = "$(TARGET_NAME)";
				SWIFT_VERSION = 4.2;
				TARGETED_DEVICE_FAMILY = "1,2";
			};
			name = Release;
		};
/* End XCBuildConfiguration section */

/* Begin XCConfigurationList section */
		CEB55D6522530B5400D99CA5 /* Build configuration list for PBXProject "ToDoey" */ = {
			isa = XCConfigurationList;
			buildConfigurations = (
				CEB55D7A22530B5B00D99CA5 /* Debug */,
				CEB55D7B22530B5B00D99CA5 /* Release */,
			);
			defaultConfigurationIsVisible = 0;
			defaultConfigurationName = Release;
		};
		CEB55D7C22530B5B00D99CA5 /* Build configuration list for PBXNativeTarget "ToDoey" */ = {
			isa = XCConfigurationList;
			buildConfigurations = (
				CEB55D7D22530B5B00D99CA5 /* Debug */,
				CEB55D7E22530B5B00D99CA5 /* Release */,
			);
			defaultConfigurationIsVisible = 0;
			defaultConfigurationName = Release;
		};
/* End XCConfigurationList section */

/* Begin XCVersionGroup section */
		CE81AADB2254C72900FA1F92 /* DataModel.xcdatamodeld */ = {
			isa = XCVersionGroup;
			children = (
				CE81AADC2254C72900FA1F92 /* DataModel.xcdatamodel */,
			);
			currentVersion = CE81AADC2254C72900FA1F92 /* DataModel.xcdatamodel */;
			path = DataModel.xcdatamodeld;
			sourceTree = "<group>";
			versionGroupType = wrapper.xcdatamodel;
		};
/* End XCVersionGroup section */
	};
	rootObject = CEB55D6222530B5400D99CA5 /* Project object */;
}
